
Microsoft Visual Studio Solution File, Format Version 12.00
# Visual Studio Version 17
VisualStudioVersion = 17.2.32630.192
MinimumVisualStudioVersion = 10.0.40219.1
Project("{8BC9CEB8-8B4A-11D0-8D11-00A0C91BC942}") = "LR_2_1", "LR_2_1\LR_2_1.vcxproj", "{6BDD95E8-B462-446F-919E-A10B301885FD}"
EndProject
Global
	GlobalSection(SolutionConfigurationPlatforms) = preSolution
		Debug|x64 = Debug|x64
		Debug|x86 = Debug|x86
		Release|x64 = Release|x64
		Release|x86 = Release|x86
	EndGlobalSection
	GlobalSection(ProjectConfigurationPlatforms) = postSolution
		{6BDD95E8-B462-446F-919E-A10B301885FD}.Debug|x64.ActiveCfg = Debug|x64
		{6BDD95E8-B462-446F-919E-A10B301885FD}.Debug|x64.Build.0 = Debug|x64
		{6BDD95E8-B462-446F-919E-A10B301885FD}.Debug|x86.ActiveCfg = Debug|Win32
		{6BDD95E8-B462-446F-919E-A10B301885FD}.Debug|x86.Build.0 = Debug|Win32
		{6BDD95E8-B462-446F-919E-A10B301885FD}.Release|x64.ActiveCfg = Release|x64
		{6BDD95E8-B462-446F-919E-A10B301885FD}.Release|x64.Build.0 = Release|x64
		{6BDD95E8-B462-446F-919E-A10B301885FD}.Release|x86.ActiveCfg = Release|Win32
		{6BDD95E8-B462-446F-919E-A10B301885FD}.Release|x86.Build.0 = Release|Win32
	EndGlobalSection
	GlobalSection(SolutionProperties) = preSolution
		HideSolutionNode = FALSE
	EndGlobalSection
	GlobalSection(ExtensibilityGlobals) = postSolution
		SolutionGuid = {EA7B3491-E115-49B0-B438-DEFA1A2C62B6}
	EndGlobalSection
EndGlobal
